
Microsoft Visual Studio Solution File, Format Version 12.00
# Visual Studio Version 16
VisualStudioVersion = 16.0.31911.196
MinimumVisualStudioVersion = 10.0.40219.1
Project("{FAE04EC0-301F-11D3-BF4B-00C04F79EFBC}") = "ADSSFinalQuestion2", "ADSSFinalQuestion2\ADSSFinalQuestion2.csproj", "{64D8E368-2BE5-4B36-BA6E-F600ECD1932D}"
EndProject
Global
	GlobalSection(SolutionConfigurationPlatforms) = preSolution
		Debug|Any CPU = Debug|Any CPU
		Release|Any CPU = Release|Any CPU
	EndGlobalSection
	GlobalSection(ProjectConfigurationPlatforms) = postSolution
		{64D8E368-2BE5-4B36-BA6E-F600ECD1932D}.Debug|Any CPU.ActiveCfg = Debug|Any CPU
		{64D8E368-2BE5-4B36-BA6E-F600ECD1932D}.Debug|Any CPU.Build.0 = Debug|Any CPU
		{64D8E368-2BE5-4B36-BA6E-F600ECD1932D}.Release|Any CPU.ActiveCfg = Release|Any CPU
		{64D8E368-2BE5-4B36-BA6E-F600ECD1932D}.Release|Any CPU.Build.0 = Release|Any CPU
	EndGlobalSection
	GlobalSection(SolutionProperties) = preSolution
		HideSolutionNode = FALSE
	EndGlobalSection
	GlobalSection(ExtensibilityGlobals) = postSolution
		SolutionGuid = {DBA9E6B8-F7D9-4E66-B9EE-77589F638FC3}
	EndGlobalSection
EndGlobal
